
Microsoft Visual Studio Solution File, Format Version 12.00
# Visual Studio Version 16
VisualStudioVersion = 16.0.29418.71
MinimumVisualStudioVersion = 10.0.40219.1
Project("{FAE04EC0-301F-11D3-BF4B-00C04F79EFBC}") = "webapiJq", "webapiJq\webapiJq.csproj", "{2EC86C56-3D92-4EF1-855C-58A1CD3D411B}"
EndProject
Global
	GlobalSection(SolutionConfigurationPlatforms) = preSolution
		Debug|Any CPU = Debug|Any CPU
		Release|Any CPU = Release|Any CPU
	EndGlobalSection
	GlobalSection(ProjectConfigurationPlatforms) = postSolution
		{2EC86C56-3D92-4EF1-855C-58A1CD3D411B}.Debug|Any CPU.ActiveCfg = Debug|Any CPU
		{2EC86C56-3D92-4EF1-855C-58A1CD3D411B}.Debug|Any CPU.Build.0 = Debug|Any CPU
		{2EC86C56-3D92-4EF1-855C-58A1CD3D411B}.Release|Any CPU.ActiveCfg = Release|Any CPU
		{2EC86C56-3D92-4EF1-855C-58A1CD3D411B}.Release|Any CPU.Build.0 = Release|Any CPU
	EndGlobalSection
	GlobalSection(SolutionProperties) = preSolution
		HideSolutionNode = FALSE
	EndGlobalSection
	GlobalSection(ExtensibilityGlobals) = postSolution
		SolutionGuid = {1B7F56F1-F4F3-4A02-B743-ACAC60919D58}
	EndGlobalSection
EndGlobal
